<?xml version="1.0" encoding="utf-8"?>
<Project ToolsVersion="4.0" xmlns="http://schemas.microsoft.com/developer/msbuild/2003">
  <ItemGroup>
    <Filter Include="Source Files">
      <UniqueIdentifier>{c532b47b-45e4-4201-9635-9401d4669f77}</UniqueIdentifier>
      <Extensions>cpp;c;cc;cxx;c++;def;odl;idl;hpj;bat;asm;asmx;hip;cu</Extensions>
    </Filter>
    <Filter Include="Header Files">
      <UniqueIdentifier>{4270aeb6-2170-4f46-8064-2dad35a65ef7}</UniqueIdentifier>
      <Extensions>h;hh;hpp;hxx;h++;hm;inl;inc;ipp;xsd;cuh</Extensions>
    </Filter>
    <Filter Include="Resource Files">
      <UniqueIdentifier>{fc9f3fa0-2c1b-4c30-914d-a9f59224507a}</UniqueIdentifier>
      <Extensions>rc;ico;cur;bmp;dlg;rc2;rct;bin;rgs;gif;jpg;jpeg;jpe;resx;tiff;tif;png;wav;mfcribbon-ms</Extensions>
    </Filter>
  </ItemGroup>
  <ItemGroup>
    <ClInclude Include="include\Helper.h">
      <Filter>Header Files</Filter>
    </ClInclude>
    <ClInclude Include="include\Runtime.h">
      <Filter>Header Files</Filter>
    </ClInclude>
    <ClInclude Include="include\Vectors.h">
      <Filter>Header Files</Filter>
    </ClInclude>
    <ClInclude Include="include\ZDapp.h">
      <Filter>Header Files</Filter>
    </ClInclude>
    <ClInclude Include="include\ZDcamera.h">
      <Filter>Header Files</Filter>
    </ClInclude>
    <ClInclude Include="include\ZDframebuffer.h">
      <Filter>Header Files</Filter>
    </ClInclude>
    <ClInclude Include="include\ZDintrin.h">
      <Filter>Header Files</Filter>
    </ClInclude>
    <ClInclude Include="include\ZDlevel.h">
      <Filter>Header Files</Filter>
    </ClInclude>
    <ClInclude Include="include\ZDmodel.h">
      <Filter>Header Files</Filter>
    </ClInclude>
    <ClInclude Include="include\ZDrender.h">
      <Filter>Header Files</Filter>
    </ClInclude>
    <ClInclude Include="include\ZDtexture.h">
      <Filter>Header Files</Filter>
    </ClInclude>
  </ItemGroup>
  <ItemGroup>
    <ClCompile Include="source\main.cpp">
      <Filter>Source Files</Filter>
    </ClCompile>
    <ClCompile Include="source\Runtime.cpp">
      <Filter>Source Files</Filter>
    </ClCompile>
    <ClCompile Include="source\ZDapp.cpp">
      <Filter>Source Files</Filter>
    </ClCompile>
    <ClCompile Include="source\ZDcamera.cpp">
      <Filter>Source Files</Filter>
    </ClCompile>
    <ClCompile Include="source\ZDframebuffer.hip">
      <Filter>Source Files</Filter>
    </ClCompile>
    <ClCompile Include="source\ZDintrin.hip">
      <Filter>Source Files</Filter>
    </ClCompile>
    <ClCompile Include="source\ZDlevel.cpp">
      <Filter>Source Files</Filter>
    </ClCompile>
    <ClCompile Include="source\ZDmodel.cpp">
      <Filter>Source Files</Filter>
    </ClCompile>
    <ClCompile Include="source\ZDrender.hip">
      <Filter>Source Files</Filter>
    </ClCompile>
    <ClCompile Include="source\ZDtexture.cpp">
      <Filter>Source Files</Filter>
    </ClCompile>
  </ItemGroup>
</Project>